
Microsoft Visual Studio Solution File, Format Version 12.00
# Visual Studio 15
VisualStudioVersion = 15.0.28307.902
MinimumVisualStudioVersion = 10.0.40219.1
Project("{FAE04EC0-301F-11D3-BF4B-00C04F79EFBC}") = "Gioco generico", "Gioco generico.csproj", "{888BA49C-34EE-4F11-8A42-00A656095B92}"
EndProject
Project("{2150E333-8FDC-42A3-9474-1A3956D46DE8}") = "Solution Items", "Solution Items", "{BD9CEE0E-7989-4CF4-B507-DB2940488C2F}"
EndProject
Global
	GlobalSection(SolutionConfigurationPlatforms) = preSolution
		Debug|x86 = Debug|x86
		Release|x86 = Release|x86
	EndGlobalSection
	GlobalSection(ProjectConfigurationPlatforms) = postSolution
		{888BA49C-34EE-4F11-8A42-00A656095B92}.Debug|x86.ActiveCfg = Debug|x86
		{888BA49C-34EE-4F11-8A42-00A656095B92}.Debug|x86.Build.0 = Debug|x86
		{888BA49C-34EE-4F11-8A42-00A656095B92}.Release|x86.ActiveCfg = Release|x86
		{888BA49C-34EE-4F11-8A42-00A656095B92}.Release|x86.Build.0 = Release|x86
	EndGlobalSection
	GlobalSection(SolutionProperties) = preSolution
		HideSolutionNode = FALSE
	EndGlobalSection
	GlobalSection(ExtensibilityGlobals) = postSolution
		SolutionGuid = {A7EAD334-4E97-43A4-B026-D647AFE1C5DD}
	EndGlobalSection
EndGlobal
